// !$*UTF8*$!
{
	archiveVersion = 1;
	classes = {
	};
	objectVersion = 50;
	objects = {

/* Begin PBXBuildFile section */
		58A4D11A244F6EF5003BAA23 /* AppDelegate.swift in Sources */ = {isa = PBXBuildFile; fileRef = 58A4D119244F6EF5003BAA23 /* AppDelegate.swift */; };
		58A4D11C244F6EF5003BAA23 /* SceneDelegate.swift in Sources */ = {isa = PBXBuildFile; fileRef = 58A4D11B244F6EF5003BAA23 /* SceneDelegate.swift */; };
		58A4D11E244F6EF5003BAA23 /* ViewController.swift in Sources */ = {isa = PBXBuildFile; fileRef = 58A4D11D244F6EF5003BAA23 /* ViewController.swift */; };
		58A4D121244F6EF5003BAA23 /* Main.storyboard in Resources */ = {isa = PBXBuildFile; fileRef = 58A4D11F244F6EF5003BAA23 /* Main.storyboard */; };
		58A4D123244F6EF7003BAA23 /* Assets.xcassets in Resources */ = {isa = PBXBuildFile; fileRef = 58A4D122244F6EF7003BAA23 /* Assets.xcassets */; };
		58A4D126244F6EF7003BAA23 /* LaunchScreen.storyboard in Resources */ = {isa = PBXBuildFile; fileRef = 58A4D124244F6EF7003BAA23 /* LaunchScreen.storyboard */; };
		58A4D130244F6F62003BAA23 /* botaogerar.png in Resources */ = {isa = PBXBuildFile; fileRef = 58A4D12D244F6F62003BAA23 /* botaogerar.png */; };
		58A4D131244F6F62003BAA23 /* logo.png in Resources */ = {isa = PBXBuildFile; fileRef = 58A4D12E244F6F62003BAA23 /* logo.png */; };
		58A4D132244F6F62003BAA23 /* botaogerar-pressionado.png in Resources */ = {isa = PBXBuildFile; fileRef = 58A4D12F244F6F62003BAA23 /* botaogerar-pressionado.png */; };
/* End PBXBuildFile section */

/* Begin PBXFileReference section */
		58A4D116244F6EF5003BAA23 /* Gerador De Numeros.app */ = {isa = PBXFileReference; explicitFileType = wrapper.application; includeInIndex = 0; path = "Gerador De Numeros.app"; sourceTree = BUILT_PRODUCTS_DIR; };
		58A4D119244F6EF5003BAA23 /* AppDelegate.swift */ = {isa = PBXFileReference; lastKnownFileType = sourcecode.swift; path = AppDelegate.swift; sourceTree = "<group>"; };
		58A4D11B244F6EF5003BAA23 /* SceneDelegate.swift */ = {isa = PBXFileReference; lastKnownFileType = sourcecode.swift; path = SceneDelegate.swift; sourceTree = "<group>"; };
		58A4D11D244F6EF5003BAA23 /* ViewController.swift */ = {isa = PBXFileReference; lastKnownFileType = sourcecode.swift; path = ViewController.swift; sourceTree = "<group>"; };
		58A4D120244F6EF5003BAA23 /* Base */ = {isa = PBXFileReference; lastKnownFileType = file.storyboard; name = Base; path = Base.lproj/Main.storyboard; sourceTree = "<group>"; };
		58A4D122244F6EF7003BAA23 /* Assets.xcassets */ = {isa = PBXFileReference; lastKnownFileType = folder.assetcatalog; path = Assets.xcassets; sourceTree = "<group>"; };
		58A4D125244F6EF7003BAA23 /* Base */ = {isa = PBXFileReference; lastKnownFileType = file.storyboard; name = Base; path = Base.lproj/LaunchScreen.storyboard; sourceTree = "<group>"; };
		58A4D127244F6EF7003BAA23 /* Info.plist */ = {isa = PBXFileReference; lastKnownFileType = text.plist.xml; path = Info.plist; sourceTree = "<group>"; };
		58A4D12D244F6F62003BAA23 /* botaogerar.png */ = {isa = PBXFileReference; lastKnownFileType = image.png; path = botaogerar.png; sourceTree = "<group>"; };
		58A4D12E244F6F62003BAA23 /* logo.png */ = {isa = PBXFileReference; lastKnownFileType = image.png; path = logo.png; sourceTree = "<group>"; };
		58A4D12F244F6F62003BAA23 /* botaogerar-pressionado.png */ = {isa = PBXFileReference; lastKnownFileType = image.png; path = "botaogerar-pressionado.png"; sourceTree = "<group>"; };
/* End PBXFileReference section */

/* Begin PBXFrameworksBuildPhase section */
		58A4D113244F6EF5003BAA23 /* Frameworks */ = {
			isa = PBXFrameworksBuildPhase;
			buildActionMask = 2147483647;
			files = (
			);
			runOnlyForDeploymentPostprocessing = 0;
		};
/* End PBXFrameworksBuildPhase section */

/* Begin PBXGroup section */
		58A4D10D244F6EF5003BAA23 = {
			isa = PBXGroup;
			children = (
				58A4D118244F6EF5003BAA23 /* Gerador De Numeros */,
				58A4D117244F6EF5003BAA23 /* Products */,
			);
			sourceTree = "<group>";
		};
		58A4D117244F6EF5003BAA23 /* Products */ = {
			isa = PBXGroup;
			children = (
				58A4D116244F6EF5003BAA23 /* Gerador De Numeros.app */,
			);
			name = Products;
			sourceTree = "<group>";
		};
		58A4D118244F6EF5003BAA23 /* Gerador De Numeros */ = {
			isa = PBXGroup;
			children = (
				58A4D12F244F6F62003BAA23 /* botaogerar-pressionado.png */,
				58A4D12D244F6F62003BAA23 /* botaogerar.png */,
				58A4D12E244F6F62003BAA23 /* logo.png */,
				58A4D119244F6EF5003BAA23 /* AppDelegate.swift */,
				58A4D11B244F6EF5003BAA23 /* SceneDelegate.swift */,
				58A4D11D244F6EF5003BAA23 /* ViewController.swift */,
				58A4D11F244F6EF5003BAA23 /* Main.storyboard */,
				58A4D122244F6EF7003BAA23 /* Assets.xcassets */,
				58A4D124244F6EF7003BAA23 /* LaunchScreen.storyboard */,
				58A4D127244F6EF7003BAA23 /* Info.plist */,
			);
			path = "Gerador De Numeros";
			sourceTree = "<group>";
		};
/* End PBXGroup section */

/* Begin PBXNativeTarget section */
		58A4D115244F6EF5003BAA23 /* Gerador De Numeros */ = {
			isa = PBXNativeTarget;
			buildConfigurationList = 58A4D12A244F6EF7003BAA23 /* Build configuration list for PBXNativeTarget "Gerador De Numeros" */;
			buildPhases = (
				58A4D112244F6EF5003BAA23 /* Sources */,
				58A4D113244F6EF5003BAA23 /* Frameworks */,
				58A4D114244F6EF5003BAA23 /* Resources */,
			);
			buildRules = (
			);
			dependencies = (
			);
			name = "Gerador De Numeros";
			productName = "Gerador De Numeros";
			productReference = 58A4D116244F6EF5003BAA23 /* Gerador De Numeros.app */;
			productType = "com.apple.product-type.application";
		};
/* End PBXNativeTarget section */

/* Begin PBXProject section */
		58A4D10E244F6EF5003BAA23 /* Project object */ = {
			isa = PBXProject;
			attributes = {
				LastSwiftUpdateCheck = 1140;
				LastUpgradeCheck = 1140;
				ORGANIZATIONNAME = Victoriano;
				TargetAttributes = {
					58A4D115244F6EF5003BAA23 = {
						CreatedOnToolsVersion = 11.4.1;
					};
				};
			};
			buildConfigurationList = 58A4D111244F6EF5003BAA23 /* Build configuration list for PBXProject "Gerador De Numeros" */;
			compatibilityVersion = "Xcode 9.3";
			developmentRegion = en;
			hasScannedForEncodings = 0;
			knownRegions = (
				en,
				Base,
			);
			mainGroup = 58A4D10D244F6EF5003BAA23;
			productRefGroup = 58A4D117244F6EF5003BAA23 /* Products */;
			projectDirPath = "";
			projectRoot = "";
			targets = (
				58A4D115244F6EF5003BAA23 /* Gerador De Numeros */,
			);
		};
/* End PBXProject section */

/* Begin PBXResourcesBuildPhase section */
		58A4D114244F6EF5003BAA23 /* Resources */ = {
			isa = PBXResourcesBuildPhase;
			buildActionMask = 2147483647;
			files = (
				58A4D126244F6EF7003BAA23 /* LaunchScreen.storyboard in Resources */,
				58A4D131244F6F62003BAA23 /* logo.png in Resources */,
				58A4D123244F6EF7003BAA23 /* Assets.xcassets in Resources */,
				58A4D121244F6EF5003BAA23 /* Main.storyboard in Resources */,
				58A4D130244F6F62003BAA23 /* botaogerar.png in Resources */,
				58A4D132244F6F62003BAA23 /* botaogerar-pressionado.png in Resources */,
			);
			runOnlyForDeploymentPostprocessing = 0;
		};
/* End PBXResourcesBuildPhase section */

/* Begin PBXSourcesBuildPhase section */
		58A4D112244F6EF5003BAA23 /* Sources */ = {
			isa = PBXSourcesBuildPhase;
			buildActionMask = 2147483647;
			files = (
				58A4D11E244F6EF5003BAA23 /* ViewController.swift in Sources */,
				58A4D11A244F6EF5003BAA23 /* AppDelegate.swift in Sources */,
				58A4D11C244F6EF5003BAA23 /* SceneDelegate.swift in Sources */,
			);
			runOnlyForDeploymentPostprocessing = 0;
		};
/* End PBXSourcesBuildPhase section */

/* Begin PBXVariantGroup section */
		58A4D11F244F6EF5003BAA23 /* Main.storyboard */ = {
			isa = PBXVariantGroup;
			children = (
				58A4D120244F6EF5003BAA23 /* Base */,
			);
			name = Main.storyboard;
			sourceTree = "<group>";
		};
		58A4D124244F6EF7003BAA23 /* LaunchScreen.storyboard */ = {
			isa = PBXVariantGroup;
			children = (
				58A4D125244F6EF7003BAA23 /* Base */,
			);
			name = LaunchScreen.storyboard;
			sourceTree = "<group>";
		};
/* End PBXVariantGroup section */

/* Begin XCBuildConfiguration section */
		58A4D128244F6EF7003BAA23 /* Debug */ = {
			isa = XCBuildConfiguration;
			buildSettings = {
				ALWAYS_SEARCH_USER_PATHS = NO;
				CLANG_ANALYZER_NONNULL = YES;
				CLANG_ANALYZER_NUMBER_OBJECT_CONVERSION = YES_AGGRESSIVE;
				CLANG_CXX_LANGUAGE_STANDARD = "gnu++14";
				CLANG_CXX_LIBRARY = "libc++";
				CLANG_ENABLE_MODULES = YES;
				CLANG_ENABLE_OBJC_ARC = YES;
				CLANG_ENABLE_OBJC_WEAK = YES;
				CLANG_WARN_BLOCK_CAPTURE_AUTORELEASING = YES;
				CLANG_WARN_BOOL_CONVERSION = YES;
				CLANG_WARN_COMMA = YES;
				CLANG_WARN_CONSTANT_CONVERSION = YES;
				CLANG_WARN_DEPRECATED_OBJC_IMPLEMENTATIONS = YES;
				CLANG_WARN_DIRECT_OBJC_ISA_USAGE = YES_ERROR;
				CLANG_WARN_DOCUMENTATION_COMMENTS = YES;
				CLANG_WARN_EMPTY_BODY = YES;
				CLANG_WARN_ENUM_CONVERSION = YES;
				CLANG_WARN_INFINITE_RECURSION = YES;
				CLANG_WARN_INT_CONVERSION = YES;
				CLANG_WARN_NON_LITERAL_NULL_CONVERSION = YES;
				CLANG_WARN_OBJC_IMPLICIT_RETAIN_SELF = YES;
				CLANG_WARN_OBJC_LITERAL_CONVERSION = YES;
				CLANG_WARN_OBJC_ROOT_CLASS = YES_ERROR;
				CLANG_WARN_RANGE_LOOP_ANALYSIS = YES;
				CLANG_WARN_STRICT_PROTOTYPES = YES;
				CLANG_WARN_SUSPICIOUS_MOVE = YES;
				CLANG_WARN_UNGUARDED_AVAILABILITY = YES_AGGRESSIVE;
				CLANG_WARN_UNREACHABLE_CODE = YES;
				CLANG_WARN__DUPLICATE_METHOD_MATCH = YES;
				COPY_PHASE_STRIP = NO;
				DEBUG_INFORMATION_FORMAT = dwarf;
				ENABLE_STRICT_OBJC_MSGSEND = YES;
				ENABLE_TESTABILITY = YES;
				GCC_C_LANGUAGE_STANDARD = gnu11;
				GCC_DYNAMIC_NO_PIC = NO;
				GCC_NO_COMMON_BLOCKS = YES;
				GCC_OPTIMIZATION_LEVEL = 0;
				GCC_PREPROCESSOR_DEFINITIONS = (
					"DEBUG=1",
					"$(inherited)",
				);
				GCC_WARN_64_TO_32_BIT_CONVERSION = YES;
				GCC_WARN_ABOUT_RETURN_TYPE = YES_ERROR;
				GCC_WARN_UNDECLARED_SELECTOR = YES;
				GCC_WARN_UNINITIALIZED_AUTOS = YES_AGGRESSIVE;
				GCC_WARN_UNUSED_FUNCTION = YES;
				GCC_WARN_UNUSED_VARIABLE = YES;
				IPHONEOS_DEPLOYMENT_TARGET = 13.4;
				MTL_ENABLE_DEBUG_INFO = INCLUDE_SOURCE;
				MTL_FAST_MATH = YES;
				ONLY_ACTIVE_ARCH = YES;
				SDKROOT = iphoneos;
				SWIFT_ACTIVE_COMPILATION_CONDITIONS = DEBUG;
				SWIFT_OPTIMIZATION_LEVEL = "-Onone";
			};
			name = Debug;
		};
		58A4D129244F6EF7003BAA23 /* Release */ = {
			isa = XCBuildConfiguration;
			buildSettings = {
				ALWAYS_SEARCH_USER_PATHS = NO;
				CLANG_ANALYZER_NONNULL = YES;
				CLANG_ANALYZER_NUMBER_OBJECT_CONVERSION = YES_AGGRESSIVE;
				CLANG_CXX_LANGUAGE_STANDARD = "gnu++14";
				CLANG_CXX_LIBRARY = "libc++";
				CLANG_ENABLE_MODULES = YES;
				CLANG_ENABLE_OBJC_ARC = YES;
				CLANG_ENABLE_OBJC_WEAK = YES;
				CLANG_WARN_BLOCK_CAPTURE_AUTORELEASING = YES;
				CLANG_WARN_BOOL_CONVERSION = YES;
				CLANG_WARN_COMMA = YES;
				CLANG_WARN_CONSTANT_CONVERSION = YES;
				CLANG_WARN_DEPRECATED_OBJC_IMPLEMENTATIONS = YES;
				CLANG_WARN_DIRECT_OBJC_ISA_USAGE = YES_ERROR;
				CLANG_WARN_DOCUMENTATION_COMMENTS = YES;
				CLANG_WARN_EMPTY_BODY = YES;
				CLANG_WARN_ENUM_CONVERSION = YES;
				CLANG_WARN_INFINITE_RECURSION = YES;
				CLANG_WARN_INT_CONVERSION = YES;
				CLANG_WARN_NON_LITERAL_NULL_CONVERSION = YES;
				CLANG_WARN_OBJC_IMPLICIT_RETAIN_SELF = YES;
				CLANG_WARN_OBJC_LITERAL_CONVERSION = YES;
				CLANG_WARN_OBJC_ROOT_CLASS = YES_ERROR;
				CLANG_WARN_RANGE_LOOP_ANALYSIS = YES;
				CLANG_WARN_STRICT_PROTOTYPES = YES;
				CLANG_WARN_SUSPICIOUS_MOVE = YES;
				CLANG_WARN_UNGUARDED_AVAILABILITY = YES_AGGRESSIVE;
				CLANG_WARN_UNREACHABLE_CODE = YES;
				CLANG_WARN__DUPLICATE_METHOD_MATCH = YES;
				COPY_PHASE_STRIP = NO;
				DEBUG_INFORMATION_FORMAT = "dwarf-with-dsym";
				ENABLE_NS_ASSERTIONS = NO;
				ENABLE_STRICT_OBJC_MSGSEND = YES;
				GCC_C_LANGUAGE_STANDARD = gnu11;
				GCC_NO_COMMON_BLOCKS = YES;
				GCC_WARN_64_TO_32_BIT_CONVERSION = YES;
				GCC_WARN_ABOUT_RETURN_TYPE = YES_ERROR;
				GCC_WARN_UNDECLARED_SELECTOR = YES;
				GCC_WARN_UNINITIALIZED_AUTOS = YES_AGGRESSIVE;
				GCC_WARN_UNUSED_FUNCTION = YES;
				GCC_WARN_UNUSED_VARIABLE = YES;
				IPHONEOS_DEPLOYMENT_TARGET = 13.4;
				MTL_ENABLE_DEBUG_INFO = NO;
				MTL_FAST_MATH = YES;
				SDKROOT = iphoneos;
				SWIFT_COMPILATION_MODE = wholemodule;
				SWIFT_OPTIMIZATION_LEVEL = "-O";
				VALIDATE_PRODUCT = YES;
			};
			name = Release;
		};
		58A4D12B244F6EF7003BAA23 /* Debug */ = {
			isa = XCBuildConfiguration;
			buildSettings = {
				ASSETCATALOG_COMPILER_APPICON_NAME = AppIcon;
				CODE_SIGN_STYLE = Automatic;
				DEVELOPMENT_TEAM = XN3X529MWM;
				INFOPLIST_FILE = "Gerador De Numeros/Info.plist";
				LD_RUNPATH_SEARCH_PATHS = (
					"$(inherited)",
					"@executable_path/Frameworks",
				);
				PRODUCT_BUNDLE_IDENTIFIER = "com.victoriano.Gerador-De-Numeros";
				PRODUCT_NAME = "$(TARGET_NAME)";
				SWIFT_VERSION = 5.0;
				TARGETED_DEVICE_FAMILY = "1,2";
			};
			name = Debug;
		};
		58A4D12C244F6EF7003BAA23 /* Release */ = {
			isa = XCBuildConfiguration;
			buildSettings = {
				ASSETCATALOG_COMPILER_APPICON_NAME = AppIcon;
				CODE_SIGN_STYLE = Automatic;
				DEVELOPMENT_TEAM = XN3X529MWM;
				INFOPLIST_FILE = "Gerador De Numeros/Info.plist";
				LD_RUNPATH_SEARCH_PATHS = (
					"$(inherited)",
					"@executable_path/Frameworks",
				);
				PRODUCT_BUNDLE_IDENTIFIER = "com.victoriano.Gerador-De-Numeros";
				PRODUCT_NAME = "$(TARGET_NAME)";
				SWIFT_VERSION = 5.0;
				TARGETED_DEVICE_FAMILY = "1,2";
			};
			name = Release;
		};
/* End XCBuildConfiguration section */

/* Begin XCConfigurationList section */
		58A4D111244F6EF5003BAA23 /* Build configuration list for PBXProject "Gerador De Numeros" */ = {
			isa = XCConfigurationList;
			buildConfigurations = (
				58A4D128244F6EF7003BAA23 /* Debug */,
				58A4D129244F6EF7003BAA23 /* Release */,
			);
			defaultConfigurationIsVisible = 0;
			defaultConfigurationName = Release;
		};
		58A4D12A244F6EF7003BAA23 /* Build configuration list for PBXNativeTarget "Gerador De Numeros" */ = {
			isa = XCConfigurationList;
			buildConfigurations = (
				58A4D12B244F6EF7003BAA23 /* Debug */,
				58A4D12C244F6EF7003BAA23 /* Release */,
			);
			defaultConfigurationIsVisible = 0;
			defaultConfigurationName = Release;
		};
/* End XCConfigurationList section */
	};
	rootObject = 58A4D10E244F6EF5003BAA23 /* Project object */;
}
